
Microsoft Visual Studio Solution File, Format Version 12.00
# Visual Studio Version 17
VisualStudioVersion = 17.11.35222.181
MinimumVisualStudioVersion = 10.0.40219.1
Project("{9A19103F-16F7-4668-BE54-9A1E7A4F7556}") = "GitApp", "GitApp\GitApp.csproj", "{8293AF00-2C4F-4494-82D8-0B3103679C02}"
EndProject
Project("{2150E333-8FDC-42A3-9474-1A3956D46DE8}") = ".github", ".github", "{B54983D9-204E-4B74-B555-ACFD2454F8F7}"
EndProject
Project("{2150E333-8FDC-42A3-9474-1A3956D46DE8}") = "workflows", "workflows", "{242516EB-CDDF-4C76-BE2B-585921BA5512}"
	ProjectSection(SolutionItems) = preProject
		GitApp\.github\workflows\workflow.yml = GitApp\.github\workflows\workflow.yml
	EndProjectSection
EndProject
Global
	GlobalSection(SolutionConfigurationPlatforms) = preSolution
		Debug|Any CPU = Debug|Any CPU
		Release|Any CPU = Release|Any CPU
	EndGlobalSection
	GlobalSection(ProjectConfigurationPlatforms) = postSolution
		{8293AF00-2C4F-4494-82D8-0B3103679C02}.Debug|Any CPU.ActiveCfg = Debug|Any CPU
		{8293AF00-2C4F-4494-82D8-0B3103679C02}.Debug|Any CPU.Build.0 = Debug|Any CPU
		{8293AF00-2C4F-4494-82D8-0B3103679C02}.Release|Any CPU.ActiveCfg = Release|Any CPU
		{8293AF00-2C4F-4494-82D8-0B3103679C02}.Release|Any CPU.Build.0 = Release|Any CPU
	EndGlobalSection
	GlobalSection(SolutionProperties) = preSolution
		HideSolutionNode = FALSE
	EndGlobalSection
	GlobalSection(NestedProjects) = preSolution
		{242516EB-CDDF-4C76-BE2B-585921BA5512} = {B54983D9-204E-4B74-B555-ACFD2454F8F7}
	EndGlobalSection
	GlobalSection(ExtensibilityGlobals) = postSolution
		SolutionGuid = {BBCD2019-447E-4DDD-BE6E-1E7CD7A716A4}
	EndGlobalSection
EndGlobal
